
Microsoft Visual Studio Solution File, Format Version 12.00
# Visual Studio 15
VisualStudioVersion = 15.0.27130.0
MinimumVisualStudioVersion = 10.0.40219.1
Project("{9A19103F-16F7-4668-BE54-9A1E7A4F7556}") = "tomahawk.service.products", "src\service\products\tomahawk.service.products\tomahawk.service.products.csproj", "{9457EBDC-F26C-4A49-BC18-C8C730B40CA2}"
EndProject
Project("{E53339B2-1760-4266-BCC7-CA923CBCF16C}") = "docker-compose", "docker-compose.dcproj", "{4334ADA5-D565-49DA-92E5-00EE667890E6}"
EndProject
Project("{2150E333-8FDC-42A3-9474-1A3956D46DE8}") = "src", "src", "{0A5CE317-AFDC-4C6F-A757-9903615409E9}"
EndProject
Project("{2150E333-8FDC-42A3-9474-1A3956D46DE8}") = "service", "service", "{8D15F6A8-F26D-4894-BA55-85DABD44CDDE}"
EndProject
Project("{2150E333-8FDC-42A3-9474-1A3956D46DE8}") = "products", "products", "{A15B7DFE-1DEB-4981-B676-A63C7718B13B}"
EndProject
Project("{2150E333-8FDC-42A3-9474-1A3956D46DE8}") = "client", "client", "{12106BB2-A6BF-437B-9AE4-861AE941DC75}"
EndProject
Project("{2150E333-8FDC-42A3-9474-1A3956D46DE8}") = "web", "web", "{7EBD1015-66CF-4341-9C13-6DA2C14AA9E3}"
EndProject
Project("{2150E333-8FDC-42A3-9474-1A3956D46DE8}") = "mobile", "mobile", "{7A794D55-5780-4B67-B440-868E29BC87A8}"
EndProject
Project("{2150E333-8FDC-42A3-9474-1A3956D46DE8}") = "core", "core", "{BFE147B9-AAB1-442D-9632-7103E473E95E}"
EndProject
Project("{2150E333-8FDC-42A3-9474-1A3956D46DE8}") = "domain", "domain", "{9227EC5B-449B-4EDC-9C5E-A7E51023BC34}"
EndProject
Project("{2150E333-8FDC-42A3-9474-1A3956D46DE8}") = "infrastructure", "infrastructure", "{8CA94A0B-3F52-4916-A4F7-EE608BFD8FD0}"
EndProject
Project("{2150E333-8FDC-42A3-9474-1A3956D46DE8}") = "ordering", "ordering", "{D4E4674A-410A-4147-A227-CBD1FECF1C6D}"
EndProject
Project("{2150E333-8FDC-42A3-9474-1A3956D46DE8}") = "billing", "billing", "{B07ADE84-B222-4EE8-9F87-67ED9EB6B769}"
EndProject
Project("{2150E333-8FDC-42A3-9474-1A3956D46DE8}") = "products", "products", "{BBF97689-364B-4401-830C-0FDB69A286EC}"
EndProject
Project("{2150E333-8FDC-42A3-9474-1A3956D46DE8}") = "authentication", "authentication", "{E41D9D20-DB91-41D0-9F42-7F58CE0A125B}"
EndProject
Project("{9A19103F-16F7-4668-BE54-9A1E7A4F7556}") = "tomahawk.domain.products", "src\domain\products\tomahawk.domain.products\tomahawk.domain.products.csproj", "{67C7BCBC-7C4D-4146-AA98-CFFED198D4CE}"
EndProject
Project("{2150E333-8FDC-42A3-9474-1A3956D46DE8}") = "billing", "billing", "{1F9C43C4-AB26-4FB2-A807-2735D4425867}"
EndProject
Project("{FAE04EC0-301F-11D3-BF4B-00C04F79EFBC}") = "tomahawk.domain.billing", "src\domain\billing\tomahawk.domain.billing\tomahawk.domain.billing.csproj", "{2A11C2E8-821C-41CB-91CD-5771ED85C8F9}"
EndProject
Global
	GlobalSection(SolutionConfigurationPlatforms) = preSolution
		Debug|Any CPU = Debug|Any CPU
		Release|Any CPU = Release|Any CPU
	EndGlobalSection
	GlobalSection(ProjectConfigurationPlatforms) = postSolution
		{9457EBDC-F26C-4A49-BC18-C8C730B40CA2}.Debug|Any CPU.ActiveCfg = Debug|Any CPU
		{9457EBDC-F26C-4A49-BC18-C8C730B40CA2}.Debug|Any CPU.Build.0 = Debug|Any CPU
		{9457EBDC-F26C-4A49-BC18-C8C730B40CA2}.Release|Any CPU.ActiveCfg = Release|Any CPU
		{9457EBDC-F26C-4A49-BC18-C8C730B40CA2}.Release|Any CPU.Build.0 = Release|Any CPU
		{4334ADA5-D565-49DA-92E5-00EE667890E6}.Debug|Any CPU.ActiveCfg = Debug|Any CPU
		{4334ADA5-D565-49DA-92E5-00EE667890E6}.Debug|Any CPU.Build.0 = Debug|Any CPU
		{4334ADA5-D565-49DA-92E5-00EE667890E6}.Release|Any CPU.ActiveCfg = Release|Any CPU
		{4334ADA5-D565-49DA-92E5-00EE667890E6}.Release|Any CPU.Build.0 = Release|Any CPU
		{67C7BCBC-7C4D-4146-AA98-CFFED198D4CE}.Debug|Any CPU.ActiveCfg = Debug|Any CPU
		{67C7BCBC-7C4D-4146-AA98-CFFED198D4CE}.Debug|Any CPU.Build.0 = Debug|Any CPU
		{67C7BCBC-7C4D-4146-AA98-CFFED198D4CE}.Release|Any CPU.ActiveCfg = Release|Any CPU
		{67C7BCBC-7C4D-4146-AA98-CFFED198D4CE}.Release|Any CPU.Build.0 = Release|Any CPU
		{2A11C2E8-821C-41CB-91CD-5771ED85C8F9}.Debug|Any CPU.ActiveCfg = Debug|Any CPU
		{2A11C2E8-821C-41CB-91CD-5771ED85C8F9}.Debug|Any CPU.Build.0 = Debug|Any CPU
		{2A11C2E8-821C-41CB-91CD-5771ED85C8F9}.Release|Any CPU.ActiveCfg = Release|Any CPU
		{2A11C2E8-821C-41CB-91CD-5771ED85C8F9}.Release|Any CPU.Build.0 = Release|Any CPU
	EndGlobalSection
	GlobalSection(SolutionProperties) = preSolution
		HideSolutionNode = FALSE
	EndGlobalSection
	GlobalSection(NestedProjects) = preSolution
		{9457EBDC-F26C-4A49-BC18-C8C730B40CA2} = {A15B7DFE-1DEB-4981-B676-A63C7718B13B}
		{8D15F6A8-F26D-4894-BA55-85DABD44CDDE} = {0A5CE317-AFDC-4C6F-A757-9903615409E9}
		{A15B7DFE-1DEB-4981-B676-A63C7718B13B} = {8D15F6A8-F26D-4894-BA55-85DABD44CDDE}
		{12106BB2-A6BF-437B-9AE4-861AE941DC75} = {0A5CE317-AFDC-4C6F-A757-9903615409E9}
		{7EBD1015-66CF-4341-9C13-6DA2C14AA9E3} = {12106BB2-A6BF-437B-9AE4-861AE941DC75}
		{7A794D55-5780-4B67-B440-868E29BC87A8} = {12106BB2-A6BF-437B-9AE4-861AE941DC75}
		{BFE147B9-AAB1-442D-9632-7103E473E95E} = {0A5CE317-AFDC-4C6F-A757-9903615409E9}
		{9227EC5B-449B-4EDC-9C5E-A7E51023BC34} = {0A5CE317-AFDC-4C6F-A757-9903615409E9}
		{8CA94A0B-3F52-4916-A4F7-EE608BFD8FD0} = {0A5CE317-AFDC-4C6F-A757-9903615409E9}
		{D4E4674A-410A-4147-A227-CBD1FECF1C6D} = {8D15F6A8-F26D-4894-BA55-85DABD44CDDE}
		{B07ADE84-B222-4EE8-9F87-67ED9EB6B769} = {8D15F6A8-F26D-4894-BA55-85DABD44CDDE}
		{BBF97689-364B-4401-830C-0FDB69A286EC} = {9227EC5B-449B-4EDC-9C5E-A7E51023BC34}
		{E41D9D20-DB91-41D0-9F42-7F58CE0A125B} = {8D15F6A8-F26D-4894-BA55-85DABD44CDDE}
		{67C7BCBC-7C4D-4146-AA98-CFFED198D4CE} = {BBF97689-364B-4401-830C-0FDB69A286EC}
		{1F9C43C4-AB26-4FB2-A807-2735D4425867} = {9227EC5B-449B-4EDC-9C5E-A7E51023BC34}
		{2A11C2E8-821C-41CB-91CD-5771ED85C8F9} = {1F9C43C4-AB26-4FB2-A807-2735D4425867}
	EndGlobalSection
	GlobalSection(ExtensibilityGlobals) = postSolution
		SolutionGuid = {369CB163-F141-4502-9505-3B26B5A8FCFB}
	EndGlobalSection
EndGlobal
